
Microsoft Visual Studio Solution File, Format Version 12.00
# Visual Studio Version 17
VisualStudioVersion = 17.8.34525.116
MinimumVisualStudioVersion = 10.0.40219.1
Project("{FAE04EC0-301F-11D3-BF4B-00C04F79EFBC}") = "Examen", "Examen\Examen.csproj", "{03BF3268-8B18-44D5-BE64-A9308814AAF1}"
EndProject
Global
	GlobalSection(SolutionConfigurationPlatforms) = preSolution
		Debug|Any CPU = Debug|Any CPU
		Release|Any CPU = Release|Any CPU
	EndGlobalSection
	GlobalSection(ProjectConfigurationPlatforms) = postSolution
		{03BF3268-8B18-44D5-BE64-A9308814AAF1}.Debug|Any CPU.ActiveCfg = Debug|Any CPU
		{03BF3268-8B18-44D5-BE64-A9308814AAF1}.Debug|Any CPU.Build.0 = Debug|Any CPU
		{03BF3268-8B18-44D5-BE64-A9308814AAF1}.Release|Any CPU.ActiveCfg = Release|Any CPU
		{03BF3268-8B18-44D5-BE64-A9308814AAF1}.Release|Any CPU.Build.0 = Release|Any CPU
	EndGlobalSection
	GlobalSection(SolutionProperties) = preSolution
		HideSolutionNode = FALSE
	EndGlobalSection
	GlobalSection(ExtensibilityGlobals) = postSolution
		SolutionGuid = {37D02F08-1D5C-4BCE-9826-424DA5022889}
	EndGlobalSection
EndGlobal
